{
  "version": 4,
  "terraform_version": "1.9.5",
  "serial": 3,
  "lineage": "64215cd5-5b47-1c64-7462-a9fb57600ea6",
  "outputs": {},
  "resources": [
    {
      "mode": "data",
      "type": "nutanix_cluster",
      "name": "dc1_clusters",
      "provider": "provider[\"registry.terraform.io/nutanix/nutanix\"].dc1",
      "instances": [
        {
          "index_key": "lu650",
          "schema_version": 0,
          "attributes": {
            "analysis_vm_efficiency_map": {
              "bully_vm_num": "0",
              "constrained_vm_num": "5",
              "dead_vm_num": "",
              "inefficient_vm_num": "204",
              "overprovisioned_vm_num": "178"
            },
            "api_version": "",
            "authorized_public_key_list": [
              {
                "key": "ssh-rsa AAAAB3NzaC1yc2EAAAADAQABAAABAQCV0p/2Jaze/DFESDchpyvAmnRhMy8uLWr+bx4xXhWPXt39Hkx3vt9xuCZXWCCYNqqA+nM03nMEp1nBekFQrgF7lOWFIjFaZuusge0orRHdhz6iETXRyE8J3LBK9cQWPWYDBMuVKVRDcFOs3tZ4pekPJFpmycScuCkwGY4opXm7MP9PQ2oBRHvkYtxzaxpejxGQoLY+p0OIU9oag1/BTPhN2UkEBj0DE03llttkMHlzAO1qy4KXPlR+cLFVlMTXpSWBemDNmqvXOHg+OCSyJ0qMNKkjtLNLIE/BcsZmTiyitxsgdQ/Okc07UcaJ6rp6UzGRHEEqQ+wpUxapdosR0GZZ nutanix@ntnx-20sm3f500179-b-cvm",
                "name": "remote_support_tunnel"
              }
            ],
            "build": {
              "build_type": "release",
              "commit_date": "",
              "commit_id": "104e6662e8b936a9225379d2d68efd93b5448289",
              "full_version": "el7.3-release-fraser-6.7.1-stable-104e6662e8b936a9225379d2d68efd93b5448289",
              "short_commit_id": "104e66",
              "version": "6.7.1"
            },
            "ca_certificate_list": [],
            "categories": [
              {
                "name": "Images",
                "value": "Image_for_all_Clusters"
              }
            ],
            "certification_signing_info": {},
            "client_auth": {},
            "cluster_arch": "X86_64",
            "cluster_id": "0005bad6-afcd-2116-0533-ac1f6b3ddca9",
            "domain_server_credentials": {},
            "domain_server_name": "",
            "domain_server_nameserver": "",
            "enabled_feature_list": [
              "PASSWORD_REMOTE_LOGIN_ENABLED",
              "SHADOW_CLONES_ENABLED"
            ],
            "encryption_status": "NOT_SUPPORTED",
            "external_data_services_ip": "192.168.3.121",
            "external_ip": "192.168.3.59",
            "external_subnet": "192.168.3.0/255.255.255.0",
            "gpu_driver_version": "",
            "http_proxy_list": [
              {
                "address": {
                  "fqdn": "",
                  "ip": "172.22.108.7",
                  "ipv6": "",
                  "port": "80"
                },
                "credentials": {},
                "proxy_type_list": [
                  "HTTP",
                  "HTTPS"
                ]
              }
            ],
            "http_proxy_whitelist": [
              {
                "target": "192.168.3.0/255.255.255.0",
                "target_type": "IPV4_NETWORK_MASK"
              },
              {
                "target": "192.168.10.0/255.255.255.0",
                "target_type": "IPV4_NETWORK_MASK"
              },
              {
                "target": "192.168.25.0/255.255.255.0",
                "target_type": "IPV4_NETWORK_MASK"
              },
              {
                "target": "172.22.163.0/255.255.255.0",
                "target_type": "IPV4_NETWORK_MASK"
              }
            ],
            "id": "0005bad6-afcd-2116-0533-ac1f6b3ddca9",
            "internal_subnet": "192.168.5.0/255.255.255.128",
            "is_available": true,
            "management_server_list": [],
            "masquerading_ip": "",
            "masquerading_port": 0,
            "metadata": {
              "creation_time": "2021-02-20 02:23:20 +0000 UTC",
              "last_update_time": "2022-05-04 07:00:47 +0000 UTC",
              "name": "",
              "spec_hash": "00000000000000000000000000000000000000000000000000",
              "spec_version": "91",
              "uuid": "0005bad6-afcd-2116-0533-ac1f6b3ddca9"
            },
            "name": "LU650",
            "name_server_ip_list": [
              "200.1.1.218",
              "200.1.1.163",
              "192.168.25.93"
            ],
            "nfs_subnet_whitelist": [
              "127.0.0.1/255.255.255.255",
              "172.22.163.0/255.255.255.0",
              "172.22.50.0/255.255.255.0",
              "192.168.128.0/255.255.255.0",
              "192.168.25.0/255.255.255.0",
              "192.168.25.108/255.255.255.255",
              "192.168.25.39/255.255.255.255",
              "192.168.25.46/255.255.255.255",
              "192.168.25.47/255.255.255.255",
              "192.168.3.0/255.255.255.0",
              "192.168.38.15/255.255.255.255",
              "192.168.38.16/255.255.255.255",
              "192.168.38.17/255.255.255.255",
              "192.168.38.20/255.255.255.255",
              "192.168.38.21/255.255.255.255",
              "192.168.38.22/255.255.255.255",
              "192.168.38.23/255.255.255.255",
              "192.168.38.24/255.255.255.255",
              "192.168.38.25/255.255.255.255",
              "192.168.39.15/255.255.255.255",
              "192.168.39.16/255.255.255.255",
              "192.168.39.17/255.255.255.255",
              "192.168.40.15/255.255.255.255",
              "192.168.40.16/255.255.255.255",
              "192.168.40.17/255.255.255.255",
              "192.168.41.15/255.255.255.255",
              "192.168.41.16/255.255.255.255",
              "192.168.41.17/255.255.255.255",
              "192.168.42.179/255.255.255.255",
              "192.168.42.180/255.255.255.255",
              "192.168.42.181/255.255.255.255",
              "192.168.42.182/255.255.255.255",
              "192.168.42.183/255.255.255.255",
              "192.168.42.184/255.255.255.255",
              "192.168.42.19/255.255.255.255",
              "192.168.42.21/255.255.255.255",
              "192.168.42.24/255.255.255.255",
              "192.168.42.26/255.255.255.255"
            ],
            "nodes": [
              {
                "ip": "127.0.0.1",
                "type": "AHV",
                "version": ""
              },
              {
                "ip": "192.168.3.144",
                "type": "AHV",
                "version": "el8.nutanix.20230302.1011"
              },
              {
                "ip": "192.168.3.145",
                "type": "AHV",
                "version": "el8.nutanix.20230302.1011"
              },
              {
                "ip": "192.168.3.74",
                "type": "AHV",
                "version": "el8.nutanix.20230302.1011"
              },
              {
                "ip": "192.168.3.143",
                "type": "AHV",
                "version": "el8.nutanix.20230302.1011"
              },
              {
                "ip": "192.168.3.76",
                "type": "AHV",
                "version": "el8.nutanix.20230302.1011"
              },
              {
                "ip": "192.168.3.75",
                "type": "AHV",
                "version": "el8.nutanix.20230302.1011"
              },
              {
                "ip": "192.168.3.73",
                "type": "AHV",
                "version": "el8.nutanix.20230302.1011"
              }
            ],
            "ntp_server_ip_list": [
              "200.1.1.218",
              "200.1.1.163",
              "192.168.25.93"
            ],
            "operation_mode": "NORMAL",
            "owner_reference": {
              "kind": "user",
              "name": "gary.schwankl@lalux.lu",
              "uuid": "a5750378-e904-508d-9a54-e9f2226eb44a"
            },
            "project_reference": {},
            "service_list": [
              "AOS"
            ],
            "smtp_server_address": {
              "fqdn": "",
              "ip": "192.168.25.96",
              "ipv6": "",
              "port": "25"
            },
            "smtp_server_credentials": {},
            "smtp_server_email_address": "nutanix_AHV_dc1@lalux.lu",
            "smtp_server_proxy_type_list": [],
            "smtp_server_type": "PLAIN",
            "software_map_ncc": {
              "software_type": "NCC",
              "status": "INSTALLED",
              "version": "ncc-4.6.6.3"
            },
            "software_map_nos": {
              "software_type": "NOS",
              "status": "INSTALLED",
              "version": "6.7.1"
            },
            "ssl_key_expire_datetime": "2027-11-08T07:55:45Z",
            "ssl_key_name": "",
            "ssl_key_signing_info": {
              "city": "",
              "common_name": "",
              "common_name_suffix": "",
              "country_code": "",
              "email_address": "",
              "organization": "",
              "state": ""
            },
            "ssl_key_type": "RSA_2048",
            "state": "COMPLETE",
            "supported_information_verbosity": "BASIC_PLUS_CORE_DUMP",
            "timezone": "Europe/Luxembourg"
          },
          "sensitive_attributes": []
        }
      ]
    },
    {
      "mode": "data",
      "type": "nutanix_cluster",
      "name": "dc3_clusters",
      "provider": "provider[\"registry.terraform.io/nutanix/nutanix\"].dc3",
      "instances": [
        {
          "index_key": "lu651",
          "schema_version": 0,
          "attributes": {
            "analysis_vm_efficiency_map": {
              "bully_vm_num": "0",
              "constrained_vm_num": "7",
              "dead_vm_num": "",
              "inefficient_vm_num": "208",
              "overprovisioned_vm_num": "173"
            },
            "api_version": "",
            "authorized_public_key_list": [],
            "build": {
              "build_type": "release",
              "commit_date": "",
              "commit_id": "a8aad732dfbfaa2b3bcea0b0c27fbd51d8480f4e",
              "full_version": "el8.5-release-fraser-6.8.1-stable-a8aad732dfbfaa2b3bcea0b0c27fbd51d8480f4e",
              "short_commit_id": "a8aad7",
              "version": "6.8.1"
            },
            "ca_certificate_list": [],
            "categories": [
              {
                "name": "Images",
                "value": "Image_for_all_Clusters"
              }
            ],
            "certification_signing_info": {},
            "client_auth": {},
            "cluster_arch": "X86_64",
            "cluster_id": "0005bad6-a969-e524-1d79-ac1f6b3ddf74",
            "domain_server_credentials": {},
            "domain_server_name": "",
            "domain_server_nameserver": "",
            "enabled_feature_list": [
              "PASSWORD_REMOTE_LOGIN_ENABLED",
              "SHADOW_CLONES_ENABLED"
            ],
            "encryption_status": "NOT_SUPPORTED",
            "external_data_services_ip": "192.168.3.122",
            "external_ip": "192.168.3.56",
            "external_subnet": "192.168.3.0/255.255.255.0",
            "gpu_driver_version": "",
            "http_proxy_list": [],
            "http_proxy_whitelist": [
              {
                "target": "192.168.3.0/255.255.255.0",
                "target_type": "IPV4_NETWORK_MASK"
              },
              {
                "target": "192.168.10.0/255.255.255.0",
                "target_type": "IPV4_NETWORK_MASK"
              },
              {
                "target": "192.168.42.0/255.255.255.0",
                "target_type": "IPV4_NETWORK_MASK"
              },
              {
                "target": "192.168.25.0/255.255.255.0",
                "target_type": "IPV4_NETWORK_MASK"
              }
            ],
            "id": "0005bad6-a969-e524-1d79-ac1f6b3ddf74",
            "internal_subnet": "192.168.5.0/255.255.255.128",
            "is_available": true,
            "management_server_list": [],
            "masquerading_ip": "",
            "masquerading_port": 0,
            "metadata": {
              "creation_time": "2021-02-20 02:30:23 +0000 UTC",
              "last_update_time": "2022-05-04 07:01:10 +0000 UTC",
              "name": "",
              "spec_hash": "00000000000000000000000000000000000000000000000000",
              "spec_version": "79",
              "uuid": "0005bad6-a969-e524-1d79-ac1f6b3ddf74"
            },
            "name": "LU651",
            "name_server_ip_list": [
              "200.1.1.218",
              "200.1.1.163",
              "192.168.25.93"
            ],
            "nfs_subnet_whitelist": [
              "127.0.0.1/255.255.255.255",
              "172.17.20.0/255.255.255.0",
              "192.168.128.0/255.255.255.0",
              "192.168.25.0/255.255.255.0",
              "192.168.25.108/255.255.255.255",
              "192.168.25.39/255.255.255.255",
              "192.168.25.46/255.255.255.255",
              "192.168.25.47/255.255.255.255",
              "192.168.38.15/255.255.255.255",
              "192.168.38.16/255.255.255.255",
              "192.168.38.17/255.255.255.255",
              "192.168.38.20/255.255.255.255",
              "192.168.38.21/255.255.255.255",
              "192.168.38.22/255.255.255.255",
              "192.168.38.23/255.255.255.255",
              "192.168.38.24/255.255.255.255",
              "192.168.38.25/255.255.255.255",
              "192.168.39.0/255.255.255.0",
              "192.168.39.16/255.255.255.255",
              "192.168.39.17/255.255.255.255",
              "192.168.40.15/255.255.255.255",
              "192.168.40.16/255.255.255.255",
              "192.168.40.17/255.255.255.255",
              "192.168.41.15/255.255.255.255",
              "192.168.41.16/255.255.255.255",
              "192.168.41.17/255.255.255.255",
              "192.168.42.0/255.255.255.0",
              "192.168.42.19/255.255.255.255",
              "192.168.42.21/255.255.255.255",
              "192.168.42.24/255.255.255.255",
              "192.168.42.26/255.255.255.255"
            ],
            "nodes": [
              {
                "ip": "127.0.0.1",
                "type": "AHV",
                "version": ""
              },
              {
                "ip": "192.168.3.148",
                "type": "AHV",
                "version": "el8.nutanix.20230302.101026"
              },
              {
                "ip": "192.168.3.146",
                "type": "AHV",
                "version": "el8.nutanix.20230302.101026"
              },
              {
                "ip": "192.168.3.147",
                "type": "AHV",
                "version": "el8.nutanix.20230302.101026"
              },
              {
                "ip": "192.168.3.80",
                "type": "AHV",
                "version": "el8.nutanix.20230302.101026"
              },
              {
                "ip": "192.168.3.79",
                "type": "AHV",
                "version": "el8.nutanix.20230302.101026"
              },
              {
                "ip": "192.168.3.78",
                "type": "AHV",
                "version": "el8.nutanix.20230302.101026"
              },
              {
                "ip": "192.168.3.77",
                "type": "AHV",
                "version": "el8.nutanix.20230302.101026"
              }
            ],
            "ntp_server_ip_list": [
              "200.1.1.218",
              "200.1.1.163",
              "192.168.25.93"
            ],
            "operation_mode": "NORMAL",
            "owner_reference": {
              "kind": "user",
              "name": "gary.schwankl@lalux.lu",
              "uuid": "a5750378-e904-508d-9a54-e9f2226eb44a"
            },
            "project_reference": {},
            "service_list": [
              "AOS"
            ],
            "smtp_server_address": {
              "fqdn": "",
              "ip": "192.168.25.96",
              "ipv6": "",
              "port": "25"
            },
            "smtp_server_credentials": {},
            "smtp_server_email_address": "nutanix_AHV_dc3@lalux.lu",
            "smtp_server_proxy_type_list": [],
            "smtp_server_type": "PLAIN",
            "software_map_ncc": {
              "software_type": "NCC",
              "status": "INSTALLED",
              "version": "ncc-5.0.1"
            },
            "software_map_nos": {
              "software_type": "NOS",
              "status": "INSTALLED",
              "version": "6.8.1"
            },
            "ssl_key_expire_datetime": "2027-11-08T07:55:45Z",
            "ssl_key_name": "",
            "ssl_key_signing_info": {
              "city": "",
              "common_name": "",
              "common_name_suffix": "",
              "country_code": "",
              "email_address": "",
              "organization": "",
              "state": ""
            },
            "ssl_key_type": "RSA_2048",
            "state": "COMPLETE",
            "supported_information_verbosity": "BASIC_PLUS_CORE_DUMP",
            "timezone": "Europe/Luxembourg"
          },
          "sensitive_attributes": []
        }
      ]
    },
    {
      "mode": "data",
      "type": "nutanix_image",
      "name": "dc1_images",
      "provider": "provider[\"registry.terraform.io/nutanix/nutanix\"].dc1",
      "instances": [
        {
          "index_key": "rhel8-dc1",
          "schema_version": 0,
          "attributes": {
            "api_version": "3.1",
            "architecture": null,
            "availability_zone_reference": {},
            "categories": [
              {
                "name": "Images",
                "value": "Linux_Standard_Image"
              }
            ],
            "checksum": {},
            "cluster_name": null,
            "cluster_references": [],
            "cluster_uuid": null,
            "current_cluster_reference_list": [
              {
                "kind": "cluster",
                "name": "",
                "uuid": "0005bad6-afcd-2116-0533-ac1f6b3ddca9"
              }
            ],
            "description": "RHEL8STD - October 2023",
            "id": "92e2ecfa-fa9c-400d-95b2-ab2e58013ec0",
            "image_id": null,
            "image_name": "RHEL8STD-latest",
            "image_type": "DISK_IMAGE",
            "metadata": {
              "creation_time": "2023-10-02 10:33:53 +0000 UTC",
              "last_update_time": "2023-10-02 10:34:17 +0000 UTC",
              "name": "",
              "spec_hash": "00000000000000000000000000000000000000000000000000",
              "spec_version": "3",
              "uuid": "92e2ecfa-fa9c-400d-95b2-ab2e58013ec0"
            },
            "name": "RHEL8STD-latest",
            "owner_reference": {
              "kind": "user",
              "name": "kwakou.missoh@lalux.lu",
              "uuid": "cee7acb0-a3ec-5884-98df-ec80fecf83d6"
            },
            "project_reference": null,
            "retrieval_uri_list": [
              "https://127.0.0.1:9440/api/nutanix/v3/images/92e2ecfa-fa9c-400d-95b2-ab2e58013ec0/file"
            ],
            "size_bytes": 53687091200,
            "source_uri": "file://92e2ecfa-fa9c-400d-95b2-ab2e58013ec0",
            "state": "COMPLETE",
            "version": null
          },
          "sensitive_attributes": []
        }
      ]
    },
    {
      "mode": "data",
      "type": "nutanix_image",
      "name": "dc3_images",
      "provider": "provider[\"registry.terraform.io/nutanix/nutanix\"].dc3",
      "instances": [
        {
          "index_key": "rhel8-dc3",
          "schema_version": 0,
          "attributes": {
            "api_version": "3.1",
            "architecture": null,
            "availability_zone_reference": {},
            "categories": [
              {
                "name": "Images",
                "value": "Linux_Standard_Image"
              }
            ],
            "checksum": {},
            "cluster_name": null,
            "cluster_references": [],
            "cluster_uuid": null,
            "current_cluster_reference_list": [
              {
                "kind": "cluster",
                "name": "",
                "uuid": "0005bad6-a969-e524-1d79-ac1f6b3ddf74"
              }
            ],
            "description": "RHEL8STD - October 2023",
            "id": "65d16f82-dce7-4102-bfa3-7374814d40d5",
            "image_id": null,
            "image_name": "RHEL8STD-latest",
            "image_type": "DISK_IMAGE",
            "metadata": {
              "creation_time": "2023-10-02 10:14:59 +0000 UTC",
              "last_update_time": "2023-10-02 10:15:27 +0000 UTC",
              "name": "",
              "spec_hash": "00000000000000000000000000000000000000000000000000",
              "spec_version": "3",
              "uuid": "65d16f82-dce7-4102-bfa3-7374814d40d5"
            },
            "name": "RHEL8STD-latest",
            "owner_reference": {
              "kind": "user",
              "name": "kwakou.missoh@lalux.lu",
              "uuid": "cee7acb0-a3ec-5884-98df-ec80fecf83d6"
            },
            "project_reference": null,
            "retrieval_uri_list": [
              "https://127.0.0.1:9440/api/nutanix/v3/images/65d16f82-dce7-4102-bfa3-7374814d40d5/file"
            ],
            "size_bytes": 53687091200,
            "source_uri": "file://65d16f82-dce7-4102-bfa3-7374814d40d5",
            "state": "COMPLETE",
            "version": null
          },
          "sensitive_attributes": []
        }
      ]
    },
    {
      "mode": "managed",
      "type": "nutanix_virtual_machine",
      "name": "titi",
      "provider": "provider[\"registry.terraform.io/nutanix/nutanix\"].dc1",
      "instances": [
        {
          "schema_version": 1,
          "attributes": {
            "api_version": "3.1",
            "availability_zone_reference": {},
            "boot_device_disk_address": {},
            "boot_device_mac_address": "",
            "boot_device_order_list": [],
            "boot_type": "",
            "categories": [],
            "cloud_init_cdrom_uuid": "",
            "cluster_name": "LU650",
            "cluster_uuid": "0005bad6-afcd-2116-0533-ac1f6b3ddca9",
            "description": "",
            "disk_list": [
              {
                "data_source_reference": {
                  "kind": "image",
                  "uuid": "92e2ecfa-fa9c-400d-95b2-ab2e58013ec0"
                },
                "device_properties": [
                  {
                    "device_type": "DISK",
                    "disk_address": {
                      "adapter_type": "SCSI",
                      "device_index": "0"
                    }
                  }
                ],
                "disk_size_bytes": 53687091200,
                "disk_size_mib": 51200,
                "storage_config": [
                  {
                    "flash_mode": "",
                    "storage_container_reference": [
                      {
                        "kind": "storage_container",
                        "name": "SelfServiceContainer",
                        "url": "",
                        "uuid": "5eae82e9-979a-4625-9012-d6f7607057f2"
                      }
                    ]
                  }
                ],
                "uuid": "2d940228-d620-4668-95b8-5a24a731947e",
                "volume_group_reference": {}
              },
              {
                "data_source_reference": {},
                "device_properties": [
                  {
                    "device_type": "DISK",
                    "disk_address": {
                      "adapter_type": "SCSI",
                      "device_index": "1"
                    }
                  }
                ],
                "disk_size_bytes": 107374182400,
                "disk_size_mib": 102400,
                "storage_config": [
                  {
                    "flash_mode": "",
                    "storage_container_reference": [
                      {
                        "kind": "storage_container",
                        "name": "NUT_VMISO",
                        "url": "",
                        "uuid": "f38a4fb3-36ca-4534-815b-a07ae60da450"
                      }
                    ]
                  }
                ],
                "uuid": "f202298c-2ddd-4636-bd16-c306f819a533",
                "volume_group_reference": {}
              }
            ],
            "enable_cpu_passthrough": false,
            "enable_script_exec": false,
            "gpu_list": [],
            "guest_customization_cloud_init_custom_key_values": {},
            "guest_customization_cloud_init_meta_data": "",
            "guest_customization_cloud_init_user_data": "",
            "guest_customization_is_overridable": false,
            "guest_customization_sysprep": {},
            "guest_customization_sysprep_custom_key_values": {},
            "guest_os_id": "",
            "hardware_clock_timezone": "UTC",
            "host_reference": {
              "kind": "host",
              "name": "192.168.3.144",
              "uuid": "9db669f6-7db2-419e-851f-3f7f43e682a4"
            },
            "hypervisor_type": null,
            "id": "a24e7205-d571-442d-8fe0-4fdf71ce6bb3",
            "is_vcpu_hard_pinned": false,
            "machine_type": "PC",
            "memory_size_mib": 100,
            "metadata": {
              "creation_time": "2024-09-27 13:26:01 +0000 UTC",
              "last_update_time": "2024-09-27 13:26:01 +0000 UTC",
              "name": "",
              "spec_hash": "",
              "spec_version": "0",
              "uuid": "a24e7205-d571-442d-8fe0-4fdf71ce6bb3"
            },
            "name": "titi",
            "ngt_credentials": {},
            "ngt_enabled_capability_list": [],
            "nic_list": [
              {
                "ip_endpoint_list": [],
                "is_connected": "true",
                "mac_address": "50:6b:8d:c2:9f:23",
                "model": "",
                "network_function_chain_reference": {},
                "network_function_nic_type": "",
                "nic_type": "NORMAL_NIC",
                "num_queues": 0,
                "subnet_name": "VDI Network LAN",
                "subnet_uuid": "3ae12f5b-2117-48d7-8249-cb81f358f45e",
                "uuid": "6c1af2de-d8c1-4af7-a891-802dc2fe7a97"
              }
            ],
            "nic_list_status": [
              {
                "floating_ip": "",
                "ip_endpoint_list": [],
                "is_connected": "true",
                "mac_address": "50:6b:8d:c2:9f:23",
                "model": "",
                "network_function_chain_reference": {},
                "network_function_nic_type": "",
                "nic_type": "NORMAL_NIC",
                "num_queues": 0,
                "subnet_name": "VDI Network LAN",
                "subnet_uuid": "3ae12f5b-2117-48d7-8249-cb81f358f45e",
                "uuid": "6c1af2de-d8c1-4af7-a891-802dc2fe7a97"
              }
            ],
            "num_sockets": 1,
            "num_vcpus_per_socket": 1,
            "num_vnuma_nodes": 0,
            "nutanix_guest_tools": {},
            "owner_reference": {
              "kind": "user",
              "name": "ntnx-api-sa",
              "uuid": "6c36a90f-9bc9-5c55-a595-53625918443f"
            },
            "parent_reference": {},
            "power_state": "ON",
            "power_state_mechanism": "HARD",
            "project_reference": {
              "kind": "project",
              "name": "_internal",
              "uuid": "61653437-84bd-41ad-bd1c-ecc7d732d87b"
            },
            "serial_port_list": [],
            "should_fail_on_script_failure": false,
            "state": "COMPLETE",
            "timeouts": null,
            "use_hot_add": true,
            "vga_console_enabled": true
          },
          "sensitive_attributes": [],
          "private": "eyJlMmJmYjczMC1lY2FhLTExZTYtOGY4OC0zNDM2M2JjN2M0YzAiOnsiY3JlYXRlIjozNjAwMDAwMDAwMDAwLCJkZWxldGUiOjM2MDAwMDAwMDAwMDAsInVwZGF0ZSI6MzYwMDAwMDAwMDAwMH0sInNjaGVtYV92ZXJzaW9uIjoiMSJ9",
          "dependencies": [
            "data.nutanix_cluster.dc1_clusters",
            "data.nutanix_image.dc1_images"
          ]
        }
      ]
    }
  ],
  "check_results": null
}
